
Microsoft Visual Studio Solution File, Format Version 12.00
# Visual Studio Version 17
VisualStudioVersion = 17.4.33213.308
MinimumVisualStudioVersion = 10.0.40219.1
Project("{FAE04EC0-301F-11D3-BF4B-00C04F79EFBC}") = "REgenerator", "REgenerator.csproj", "{4540DC76-FFB3-4AE3-922C-684F8DE9E7A7}"
EndProject
Global
	GlobalSection(SolutionConfigurationPlatforms) = preSolution
		Debug|Any CPU = Debug|Any CPU
		Release|Any CPU = Release|Any CPU
	EndGlobalSection
	GlobalSection(ProjectConfigurationPlatforms) = postSolution
		{4540DC76-FFB3-4AE3-922C-684F8DE9E7A7}.Debug|Any CPU.ActiveCfg = Debug|Any CPU
		{4540DC76-FFB3-4AE3-922C-684F8DE9E7A7}.Debug|Any CPU.Build.0 = Debug|Any CPU
		{4540DC76-FFB3-4AE3-922C-684F8DE9E7A7}.Release|Any CPU.ActiveCfg = Release|Any CPU
		{4540DC76-FFB3-4AE3-922C-684F8DE9E7A7}.Release|Any CPU.Build.0 = Release|Any CPU
	EndGlobalSection
	GlobalSection(SolutionProperties) = preSolution
		HideSolutionNode = FALSE
	EndGlobalSection
	GlobalSection(ExtensibilityGlobals) = postSolution
		SolutionGuid = {67CE8C68-E86F-4990-9E53-51E219444C3C}
	EndGlobalSection
EndGlobal
